
Microsoft Visual Studio Solution File, Format Version 12.00
# Visual Studio 15
Project("{FAE04EC0-301F-11D3-BF4B-00C04F79EFBC}") = "Assembly-CSharp", "Assembly-CSharp.csproj", "{46C538F6-7C75-6322-5CE7-E6C2263BFD64}"
EndProject
Project("{FAE04EC0-301F-11D3-BF4B-00C04F79EFBC}") = "Assembly-CSharp-Editor", "Assembly-CSharp-Editor.csproj", "{22B5A8F9-569D-D436-3E21-B5238CEB5BA8}"
EndProject
Global
	GlobalSection(SolutionConfigurationPlatforms) = preSolution
		Debug|Any CPU = Debug|Any CPU
		Release|Any CPU = Release|Any CPU
	EndGlobalSection
	GlobalSection(ProjectConfigurationPlatforms) = postSolution
		{46C538F6-7C75-6322-5CE7-E6C2263BFD64}.Debug|Any CPU.ActiveCfg = Debug|Any CPU
		{46C538F6-7C75-6322-5CE7-E6C2263BFD64}.Debug|Any CPU.Build.0 = Debug|Any CPU
		{46C538F6-7C75-6322-5CE7-E6C2263BFD64}.Release|Any CPU.ActiveCfg = Release|Any CPU
		{46C538F6-7C75-6322-5CE7-E6C2263BFD64}.Release|Any CPU.Build.0 = Release|Any CPU
		{22B5A8F9-569D-D436-3E21-B5238CEB5BA8}.Debug|Any CPU.ActiveCfg = Debug|Any CPU
		{22B5A8F9-569D-D436-3E21-B5238CEB5BA8}.Debug|Any CPU.Build.0 = Debug|Any CPU
		{22B5A8F9-569D-D436-3E21-B5238CEB5BA8}.Release|Any CPU.ActiveCfg = Release|Any CPU
		{22B5A8F9-569D-D436-3E21-B5238CEB5BA8}.Release|Any CPU.Build.0 = Release|Any CPU
	EndGlobalSection
	GlobalSection(SolutionProperties) = preSolution
		HideSolutionNode = FALSE
	EndGlobalSection
EndGlobal
